
Microsoft Visual Studio Solution File, Format Version 12.00
# Visual Studio Version 17
VisualStudioVersion = 17.4.33122.133
MinimumVisualStudioVersion = 10.0.40219.1
Project("{FAE04EC0-301F-11D3-BF4B-00C04F79EFBC}") = "Queue", "Queue.csproj", "{EC529C3D-EE0D-44E4-B0BB-3E9D543877CF}"
EndProject
Global
	GlobalSection(SolutionConfigurationPlatforms) = preSolution
		Debug|Any CPU = Debug|Any CPU
		Release|Any CPU = Release|Any CPU
	EndGlobalSection
	GlobalSection(ProjectConfigurationPlatforms) = postSolution
		{EC529C3D-EE0D-44E4-B0BB-3E9D543877CF}.Debug|Any CPU.ActiveCfg = Debug|Any CPU
		{EC529C3D-EE0D-44E4-B0BB-3E9D543877CF}.Debug|Any CPU.Build.0 = Debug|Any CPU
		{EC529C3D-EE0D-44E4-B0BB-3E9D543877CF}.Release|Any CPU.ActiveCfg = Release|Any CPU
		{EC529C3D-EE0D-44E4-B0BB-3E9D543877CF}.Release|Any CPU.Build.0 = Release|Any CPU
	EndGlobalSection
	GlobalSection(SolutionProperties) = preSolution
		HideSolutionNode = FALSE
	EndGlobalSection
	GlobalSection(ExtensibilityGlobals) = postSolution
		SolutionGuid = {528A2FBC-7EFC-4A8A-A3AB-212B58015C44}
	EndGlobalSection
EndGlobal
